// !$*UTF8*$!
{
	archiveVersion = 1;
	classes = {
	};
	objectVersion = 55;
	objects = {

/* Begin PBXBuildFile section */
		07150DD4D372518BCFECB26A /* Pods_TaskRanker.framework in Frameworks */ = {isa = PBXBuildFile; fileRef = 4C5F29BEAC979259A2EB108F /* Pods_TaskRanker.framework */; };
		2F2F21BA28F51791005FFCC2 /* FilterViewController.swift in Sources */ = {isa = PBXBuildFile; fileRef = 2F2F21B828F51791005FFCC2 /* FilterViewController.swift */; };
		2F2F21BB28F51791005FFCC2 /* FilterViewController.xib in Resources */ = {isa = PBXBuildFile; fileRef = 2F2F21B928F51791005FFCC2 /* FilterViewController.xib */; };
		2F2F21BE28F517F9005FFCC2 /* FilterCoordinator.swift in Sources */ = {isa = PBXBuildFile; fileRef = 2F2F21BD28F517F9005FFCC2 /* FilterCoordinator.swift */; };
		2F2F21C428F51A97005FFCC2 /* SettingViewController.swift in Sources */ = {isa = PBXBuildFile; fileRef = 2F2F21C228F51A97005FFCC2 /* SettingViewController.swift */; };
		2F2F21C528F51A97005FFCC2 /* SettingViewController.xib in Resources */ = {isa = PBXBuildFile; fileRef = 2F2F21C328F51A97005FFCC2 /* SettingViewController.xib */; };
		2F2F21C728F51AC5005FFCC2 /* SettingCoordinator.swift in Sources */ = {isa = PBXBuildFile; fileRef = 2F2F21C628F51AC5005FFCC2 /* SettingCoordinator.swift */; };
		2F2F21CA28F5397B005FFCC2 /* LoginViewController.swift in Sources */ = {isa = PBXBuildFile; fileRef = 2F2F21C828F5397B005FFCC2 /* LoginViewController.swift */; };
		2F2F21CB28F5397B005FFCC2 /* LoginViewController.xib in Resources */ = {isa = PBXBuildFile; fileRef = 2F2F21C928F5397B005FFCC2 /* LoginViewController.xib */; };
		2F2F21CD28F53998005FFCC2 /* LoginCoordinator.swift in Sources */ = {isa = PBXBuildFile; fileRef = 2F2F21CC28F53998005FFCC2 /* LoginCoordinator.swift */; };
		2F2F21D028F53C30005FFCC2 /* PageViewController.swift in Sources */ = {isa = PBXBuildFile; fileRef = 2F2F21CE28F53C30005FFCC2 /* PageViewController.swift */; };
		2F2F21D128F53C30005FFCC2 /* PageViewController.xib in Resources */ = {isa = PBXBuildFile; fileRef = 2F2F21CF28F53C30005FFCC2 /* PageViewController.xib */; };
		2F2F21D328F53C47005FFCC2 /* PageCoordinator.swift in Sources */ = {isa = PBXBuildFile; fileRef = 2F2F21D228F53C47005FFCC2 /* PageCoordinator.swift */; };
		2F2F21D628F53D24005FFCC2 /* TutorialViewController.swift in Sources */ = {isa = PBXBuildFile; fileRef = 2F2F21D428F53D24005FFCC2 /* TutorialViewController.swift */; };
		2F2F21D728F53D24005FFCC2 /* TutorialViewController.xib in Resources */ = {isa = PBXBuildFile; fileRef = 2F2F21D528F53D24005FFCC2 /* TutorialViewController.xib */; };
		2F415F4228F7EAFF0082D676 /* UIViewController+PickerView.swift in Sources */ = {isa = PBXBuildFile; fileRef = 2F415F4128F7EAFF0082D676 /* UIViewController+PickerView.swift */; };
		8D1D392428F84CA80078F3CB /* Definition+UserDefaults.swift in Sources */ = {isa = PBXBuildFile; fileRef = 8D1D392328F84CA80078F3CB /* Definition+UserDefaults.swift */; };
		8D1D392928F984B20078F3CB /* RealmManager.swift in Sources */ = {isa = PBXBuildFile; fileRef = 8D1D392628F984B20078F3CB /* RealmManager.swift */; };
		8D1D392A28F984B20078F3CB /* TaskManager.swift in Sources */ = {isa = PBXBuildFile; fileRef = 8D1D392728F984B20078F3CB /* TaskManager.swift */; };
		8D1D392B28F984B20078F3CB /* Task.swift in Sources */ = {isa = PBXBuildFile; fileRef = 8D1D392828F984B20078F3CB /* Task.swift */; };
		8D55A49B2904A7B4005E573A /* TaskViewController.swift in Sources */ = {isa = PBXBuildFile; fileRef = 8D55A4992904A7B4005E573A /* TaskViewController.swift */; };
		8D55A49C2904A7B4005E573A /* TaskViewController.xib in Resources */ = {isa = PBXBuildFile; fileRef = 8D55A49A2904A7B4005E573A /* TaskViewController.xib */; };
		8D55A49E2904B368005E573A /* TaskViewCoordinator.swift in Sources */ = {isa = PBXBuildFile; fileRef = 8D55A49D2904B368005E573A /* TaskViewCoordinator.swift */; };
		8D55A4A0290745F7005E573A /* CompletedTaskListViewController.swift in Sources */ = {isa = PBXBuildFile; fileRef = 8D55A49F290745F7005E573A /* CompletedTaskListViewController.swift */; };
		8D55A4A22907460F005E573A /* CompletedTaskListViewController.xib in Resources */ = {isa = PBXBuildFile; fileRef = 8D55A4A12907460F005E573A /* CompletedTaskListViewController.xib */; };
		8D55A4A429074621005E573A /* ComletedTaskListCoordinator.swift in Sources */ = {isa = PBXBuildFile; fileRef = 8D55A4A329074621005E573A /* ComletedTaskListCoordinator.swift */; };
		8D55A4A62909EE86005E573A /* Definition+Navigation.swift in Sources */ = {isa = PBXBuildFile; fileRef = 8D55A4A52909EE85005E573A /* Definition+Navigation.swift */; };
		8D60F23B28CC5E61003BB724 /* AppDelegate.swift in Sources */ = {isa = PBXBuildFile; fileRef = 8D60F23A28CC5E61003BB724 /* AppDelegate.swift */; };
		8D60F24428CC5E64003BB724 /* Assets.xcassets in Resources */ = {isa = PBXBuildFile; fileRef = 8D60F24328CC5E64003BB724 /* Assets.xcassets */; };
		8D60F24728CC5E64003BB724 /* LaunchScreen.storyboard in Resources */ = {isa = PBXBuildFile; fileRef = 8D60F24528CC5E64003BB724 /* LaunchScreen.storyboard */; };
		8D60F25728CC63F5003BB724 /* Coordinator.swift in Sources */ = {isa = PBXBuildFile; fileRef = 8D60F25628CC63F5003BB724 /* Coordinator.swift */; };
		8D60F25928CC644B003BB724 /* AppCoordinator.swift in Sources */ = {isa = PBXBuildFile; fileRef = 8D60F25828CC644B003BB724 /* AppCoordinator.swift */; };
		8D60F25D28CC6761003BB724 /* HomeViewController.swift in Sources */ = {isa = PBXBuildFile; fileRef = 8D60F25B28CC6760003BB724 /* HomeViewController.swift */; };
		8D60F25E28CC6761003BB724 /* HomeViewController.xib in Resources */ = {isa = PBXBuildFile; fileRef = 8D60F25C28CC6761003BB724 /* HomeViewController.xib */; };
		8D60F26228CC67A5003BB724 /* HomeCoordinator.swift in Sources */ = {isa = PBXBuildFile; fileRef = 8D60F26128CC67A5003BB724 /* HomeCoordinator.swift */; };
		8D60F26728CC76E1003BB724 /* Localizable.strings in Resources */ = {isa = PBXBuildFile; fileRef = 8D60F26928CC76E1003BB724 /* Localizable.strings */; };
		8D60F26C28CC78DB003BB724 /* LocalizableString.swift in Sources */ = {isa = PBXBuildFile; fileRef = 8D60F26B28CC78DB003BB724 /* LocalizableString.swift */; };
		8DAA1134294934000083F444 /* Definition+TaskColor.swift in Sources */ = {isa = PBXBuildFile; fileRef = 8DAA1133294934000083F444 /* Definition+TaskColor.swift */; };
		8DB633BC28CD7F8B001F2DB7 /* TaskListViewController.swift in Sources */ = {isa = PBXBuildFile; fileRef = 8DB633BA28CD7F8B001F2DB7 /* TaskListViewController.swift */; };
		8DB633BD28CD7F8B001F2DB7 /* TaskListViewController.xib in Resources */ = {isa = PBXBuildFile; fileRef = 8DB633BB28CD7F8B001F2DB7 /* TaskListViewController.xib */; };
		8DB633BF28CD9F8B001F2DB7 /* Definition+Segment.swift in Sources */ = {isa = PBXBuildFile; fileRef = 8DB633BE28CD9F8B001F2DB7 /* Definition+Segment.swift */; };
		8DB633C828CDD38A001F2DB7 /* UIViewController+TextField.swift in Sources */ = {isa = PBXBuildFile; fileRef = 8DB633C728CDD38A001F2DB7 /* UIViewController+TextField.swift */; };
		8DB633CA28CDD3D7001F2DB7 /* UIViewController+TextView.swift in Sources */ = {isa = PBXBuildFile; fileRef = 8DB633C928CDD3D7001F2DB7 /* UIViewController+TextView.swift */; };
		8DB633CC28CDD410001F2DB7 /* Definition+Device.swift in Sources */ = {isa = PBXBuildFile; fileRef = 8DB633CB28CDD410001F2DB7 /* Definition+Device.swift */; };
		8DB633CE28CDD462001F2DB7 /* UIViewController+ToolBar.swift in Sources */ = {isa = PBXBuildFile; fileRef = 8DB633CD28CDD462001F2DB7 /* UIViewController+ToolBar.swift */; };
		8DB633D028CDD502001F2DB7 /* UIViewController+Alert.swift in Sources */ = {isa = PBXBuildFile; fileRef = 8DB633CF28CDD502001F2DB7 /* UIViewController+Alert.swift */; };
		8DCB72D82949E98500935972 /* MapViewController.swift in Sources */ = {isa = PBXBuildFile; fileRef = 8DCB72D72949E98500935972 /* MapViewController.swift */; };
		8DCB72DA2949E99D00935972 /* MapCoordinator.swift in Sources */ = {isa = PBXBuildFile; fileRef = 8DCB72D92949E99D00935972 /* MapCoordinator.swift */; };
		8DCB72DC2949E9A700935972 /* TabCoordinator.swift in Sources */ = {isa = PBXBuildFile; fileRef = 8DCB72DB2949E9A700935972 /* TabCoordinator.swift */; };
		8DCB72DE2949E9C400935972 /* Definition+TabPage.swift in Sources */ = {isa = PBXBuildFile; fileRef = 8DCB72DD2949E9C400935972 /* Definition+TabPage.swift */; };
		8DCB72E02949E9D600935972 /* MapViewController.xib in Resources */ = {isa = PBXBuildFile; fileRef = 8DCB72DF2949E9D600935972 /* MapViewController.xib */; };
/* End PBXBuildFile section */

/* Begin PBXFileReference section */
		2F2F21B828F51791005FFCC2 /* FilterViewController.swift */ = {isa = PBXFileReference; lastKnownFileType = sourcecode.swift; path = FilterViewController.swift; sourceTree = "<group>"; };
		2F2F21B928F51791005FFCC2 /* FilterViewController.xib */ = {isa = PBXFileReference; lastKnownFileType = file.xib; path = FilterViewController.xib; sourceTree = "<group>"; };
		2F2F21BD28F517F9005FFCC2 /* FilterCoordinator.swift */ = {isa = PBXFileReference; lastKnownFileType = sourcecode.swift; path = FilterCoordinator.swift; sourceTree = "<group>"; };
		2F2F21C228F51A97005FFCC2 /* SettingViewController.swift */ = {isa = PBXFileReference; lastKnownFileType = sourcecode.swift; path = SettingViewController.swift; sourceTree = "<group>"; };
		2F2F21C328F51A97005FFCC2 /* SettingViewController.xib */ = {isa = PBXFileReference; lastKnownFileType = file.xib; path = SettingViewController.xib; sourceTree = "<group>"; };
		2F2F21C628F51AC5005FFCC2 /* SettingCoordinator.swift */ = {isa = PBXFileReference; lastKnownFileType = sourcecode.swift; path = SettingCoordinator.swift; sourceTree = "<group>"; };
		2F2F21C828F5397B005FFCC2 /* LoginViewController.swift */ = {isa = PBXFileReference; lastKnownFileType = sourcecode.swift; path = LoginViewController.swift; sourceTree = "<group>"; };
		2F2F21C928F5397B005FFCC2 /* LoginViewController.xib */ = {isa = PBXFileReference; lastKnownFileType = file.xib; path = LoginViewController.xib; sourceTree = "<group>"; };
		2F2F21CC28F53998005FFCC2 /* LoginCoordinator.swift */ = {isa = PBXFileReference; lastKnownFileType = sourcecode.swift; path = LoginCoordinator.swift; sourceTree = "<group>"; };
		2F2F21CE28F53C30005FFCC2 /* PageViewController.swift */ = {isa = PBXFileReference; lastKnownFileType = sourcecode.swift; path = PageViewController.swift; sourceTree = "<group>"; };
		2F2F21CF28F53C30005FFCC2 /* PageViewController.xib */ = {isa = PBXFileReference; lastKnownFileType = file.xib; path = PageViewController.xib; sourceTree = "<group>"; };
		2F2F21D228F53C47005FFCC2 /* PageCoordinator.swift */ = {isa = PBXFileReference; lastKnownFileType = sourcecode.swift; path = PageCoordinator.swift; sourceTree = "<group>"; };
		2F2F21D428F53D24005FFCC2 /* TutorialViewController.swift */ = {isa = PBXFileReference; lastKnownFileType = sourcecode.swift; path = TutorialViewController.swift; sourceTree = "<group>"; };
		2F2F21D528F53D24005FFCC2 /* TutorialViewController.xib */ = {isa = PBXFileReference; lastKnownFileType = file.xib; path = TutorialViewController.xib; sourceTree = "<group>"; };
		2F415F4128F7EAFF0082D676 /* UIViewController+PickerView.swift */ = {isa = PBXFileReference; lastKnownFileType = sourcecode.swift; path = "UIViewController+PickerView.swift"; sourceTree = "<group>"; };
		45D5099BC271E62A0AD40BE7 /* Pods-TaskRanker.debug.xcconfig */ = {isa = PBXFileReference; includeInIndex = 1; lastKnownFileType = text.xcconfig; name = "Pods-TaskRanker.debug.xcconfig"; path = "Target Support Files/Pods-TaskRanker/Pods-TaskRanker.debug.xcconfig"; sourceTree = "<group>"; };
		4C5F29BEAC979259A2EB108F /* Pods_TaskRanker.framework */ = {isa = PBXFileReference; explicitFileType = wrapper.framework; includeInIndex = 0; path = Pods_TaskRanker.framework; sourceTree = BUILT_PRODUCTS_DIR; };
		8D1D392328F84CA80078F3CB /* Definition+UserDefaults.swift */ = {isa = PBXFileReference; lastKnownFileType = sourcecode.swift; path = "Definition+UserDefaults.swift"; sourceTree = "<group>"; };
		8D1D392628F984B20078F3CB /* RealmManager.swift */ = {isa = PBXFileReference; fileEncoding = 4; lastKnownFileType = sourcecode.swift; path = RealmManager.swift; sourceTree = "<group>"; };
		8D1D392728F984B20078F3CB /* TaskManager.swift */ = {isa = PBXFileReference; fileEncoding = 4; lastKnownFileType = sourcecode.swift; path = TaskManager.swift; sourceTree = "<group>"; };
		8D1D392828F984B20078F3CB /* Task.swift */ = {isa = PBXFileReference; fileEncoding = 4; lastKnownFileType = sourcecode.swift; path = Task.swift; sourceTree = "<group>"; };
		8D55A4992904A7B4005E573A /* TaskViewController.swift */ = {isa = PBXFileReference; lastKnownFileType = sourcecode.swift; path = TaskViewController.swift; sourceTree = "<group>"; };
		8D55A49A2904A7B4005E573A /* TaskViewController.xib */ = {isa = PBXFileReference; lastKnownFileType = file.xib; path = TaskViewController.xib; sourceTree = "<group>"; };
		8D55A49D2904B368005E573A /* TaskViewCoordinator.swift */ = {isa = PBXFileReference; lastKnownFileType = sourcecode.swift; path = TaskViewCoordinator.swift; sourceTree = "<group>"; };
		8D55A49F290745F7005E573A /* CompletedTaskListViewController.swift */ = {isa = PBXFileReference; fileEncoding = 4; lastKnownFileType = sourcecode.swift; path = CompletedTaskListViewController.swift; sourceTree = "<group>"; };
		8D55A4A12907460F005E573A /* CompletedTaskListViewController.xib */ = {isa = PBXFileReference; fileEncoding = 4; lastKnownFileType = file.xib; path = CompletedTaskListViewController.xib; sourceTree = "<group>"; };
		8D55A4A329074621005E573A /* ComletedTaskListCoordinator.swift */ = {isa = PBXFileReference; fileEncoding = 4; lastKnownFileType = sourcecode.swift; path = ComletedTaskListCoordinator.swift; sourceTree = "<group>"; };
		8D55A4A52909EE85005E573A /* Definition+Navigation.swift */ = {isa = PBXFileReference; lastKnownFileType = sourcecode.swift; path = "Definition+Navigation.swift"; sourceTree = "<group>"; };
		8D60F23728CC5E61003BB724 /* TaskRanker.app */ = {isa = PBXFileReference; explicitFileType = wrapper.application; includeInIndex = 0; path = TaskRanker.app; sourceTree = BUILT_PRODUCTS_DIR; };
		8D60F23A28CC5E61003BB724 /* AppDelegate.swift */ = {isa = PBXFileReference; lastKnownFileType = sourcecode.swift; path = AppDelegate.swift; sourceTree = "<group>"; };
		8D60F24328CC5E64003BB724 /* Assets.xcassets */ = {isa = PBXFileReference; lastKnownFileType = folder.assetcatalog; path = Assets.xcassets; sourceTree = "<group>"; };
		8D60F24628CC5E64003BB724 /* Base */ = {isa = PBXFileReference; lastKnownFileType = file.storyboard; name = Base; path = Base.lproj/LaunchScreen.storyboard; sourceTree = "<group>"; };
		8D60F24828CC5E64003BB724 /* Info.plist */ = {isa = PBXFileReference; lastKnownFileType = text.plist.xml; path = Info.plist; sourceTree = "<group>"; };
		8D60F25628CC63F5003BB724 /* Coordinator.swift */ = {isa = PBXFileReference; lastKnownFileType = sourcecode.swift; path = Coordinator.swift; sourceTree = "<group>"; };
		8D60F25828CC644B003BB724 /* AppCoordinator.swift */ = {isa = PBXFileReference; lastKnownFileType = sourcecode.swift; path = AppCoordinator.swift; sourceTree = "<group>"; };
		8D60F25B28CC6760003BB724 /* HomeViewController.swift */ = {isa = PBXFileReference; lastKnownFileType = sourcecode.swift; path = HomeViewController.swift; sourceTree = "<group>"; };
		8D60F25C28CC6761003BB724 /* HomeViewController.xib */ = {isa = PBXFileReference; lastKnownFileType = file.xib; path = HomeViewController.xib; sourceTree = "<group>"; };
		8D60F26128CC67A5003BB724 /* HomeCoordinator.swift */ = {isa = PBXFileReference; lastKnownFileType = sourcecode.swift; path = HomeCoordinator.swift; sourceTree = "<group>"; };
		8D60F26428CC7660003BB724 /* ja */ = {isa = PBXFileReference; lastKnownFileType = text.plist.strings; name = ja; path = ja.lproj/LaunchScreen.strings; sourceTree = "<group>"; };
		8D60F26828CC76E1003BB724 /* ja */ = {isa = PBXFileReference; lastKnownFileType = text.plist.strings; name = ja; path = ja.lproj/Localizable.strings; sourceTree = "<group>"; };
		8D60F26A28CC76E7003BB724 /* en */ = {isa = PBXFileReference; lastKnownFileType = text.plist.strings; name = en; path = en.lproj/Localizable.strings; sourceTree = "<group>"; };
		8D60F26B28CC78DB003BB724 /* LocalizableString.swift */ = {isa = PBXFileReference; lastKnownFileType = sourcecode.swift; path = LocalizableString.swift; sourceTree = "<group>"; };
		8DAA1133294934000083F444 /* Definition+TaskColor.swift */ = {isa = PBXFileReference; fileEncoding = 4; lastKnownFileType = sourcecode.swift; path = "Definition+TaskColor.swift"; sourceTree = "<group>"; };
		8DB633BA28CD7F8B001F2DB7 /* TaskListViewController.swift */ = {isa = PBXFileReference; lastKnownFileType = sourcecode.swift; path = TaskListViewController.swift; sourceTree = "<group>"; };
		8DB633BB28CD7F8B001F2DB7 /* TaskListViewController.xib */ = {isa = PBXFileReference; lastKnownFileType = file.xib; path = TaskListViewController.xib; sourceTree = "<group>"; };
		8DB633BE28CD9F8B001F2DB7 /* Definition+Segment.swift */ = {isa = PBXFileReference; lastKnownFileType = sourcecode.swift; path = "Definition+Segment.swift"; sourceTree = "<group>"; };
		8DB633C728CDD38A001F2DB7 /* UIViewController+TextField.swift */ = {isa = PBXFileReference; lastKnownFileType = sourcecode.swift; path = "UIViewController+TextField.swift"; sourceTree = "<group>"; };
		8DB633C928CDD3D7001F2DB7 /* UIViewController+TextView.swift */ = {isa = PBXFileReference; lastKnownFileType = sourcecode.swift; path = "UIViewController+TextView.swift"; sourceTree = "<group>"; };
		8DB633CB28CDD410001F2DB7 /* Definition+Device.swift */ = {isa = PBXFileReference; lastKnownFileType = sourcecode.swift; path = "Definition+Device.swift"; sourceTree = "<group>"; };
		8DB633CD28CDD462001F2DB7 /* UIViewController+ToolBar.swift */ = {isa = PBXFileReference; lastKnownFileType = sourcecode.swift; path = "UIViewController+ToolBar.swift"; sourceTree = "<group>"; };
		8DB633CF28CDD502001F2DB7 /* UIViewController+Alert.swift */ = {isa = PBXFileReference; lastKnownFileType = sourcecode.swift; path = "UIViewController+Alert.swift"; sourceTree = "<group>"; };
		8DCB72D72949E98500935972 /* MapViewController.swift */ = {isa = PBXFileReference; fileEncoding = 4; lastKnownFileType = sourcecode.swift; path = MapViewController.swift; sourceTree = "<group>"; };
		8DCB72D92949E99D00935972 /* MapCoordinator.swift */ = {isa = PBXFileReference; fileEncoding = 4; lastKnownFileType = sourcecode.swift; path = MapCoordinator.swift; sourceTree = "<group>"; };
		8DCB72DB2949E9A700935972 /* TabCoordinator.swift */ = {isa = PBXFileReference; fileEncoding = 4; lastKnownFileType = sourcecode.swift; path = TabCoordinator.swift; sourceTree = "<group>"; };
		8DCB72DD2949E9C400935972 /* Definition+TabPage.swift */ = {isa = PBXFileReference; fileEncoding = 4; lastKnownFileType = sourcecode.swift; path = "Definition+TabPage.swift"; sourceTree = "<group>"; };
		8DCB72DF2949E9D600935972 /* MapViewController.xib */ = {isa = PBXFileReference; fileEncoding = 4; lastKnownFileType = file.xib; path = MapViewController.xib; sourceTree = "<group>"; };
		FE9C64CC0C4EAF044EF1C0C6 /* Pods-TaskRanker.release.xcconfig */ = {isa = PBXFileReference; includeInIndex = 1; lastKnownFileType = text.xcconfig; name = "Pods-TaskRanker.release.xcconfig"; path = "Target Support Files/Pods-TaskRanker/Pods-TaskRanker.release.xcconfig"; sourceTree = "<group>"; };
/* End PBXFileReference section */

/* Begin PBXFrameworksBuildPhase section */
		8D60F23428CC5E61003BB724 /* Frameworks */ = {
			isa = PBXFrameworksBuildPhase;
			buildActionMask = 2147483647;
			files = (
				07150DD4D372518BCFECB26A /* Pods_TaskRanker.framework in Frameworks */,
			);
			runOnlyForDeploymentPostprocessing = 0;
		};
/* End PBXFrameworksBuildPhase section */

/* Begin PBXGroup section */
		2F2F21B628F51747005FFCC2 /* Filter */ = {
			isa = PBXGroup;
			children = (
				2F2F21B828F51791005FFCC2 /* FilterViewController.swift */,
			);
			path = Filter;
			sourceTree = "<group>";
		};
		2F2F21B728F5175D005FFCC2 /* Filter */ = {
			isa = PBXGroup;
			children = (
				2F2F21B928F51791005FFCC2 /* FilterViewController.xib */,
			);
			path = Filter;
			sourceTree = "<group>";
		};
		2F2F21BC28F517D6005FFCC2 /* Filter */ = {
			isa = PBXGroup;
			children = (
				2F2F21BD28F517F9005FFCC2 /* FilterCoordinator.swift */,
			);
			path = Filter;
			sourceTree = "<group>";
		};
		2F2F21BF28F51A4F005FFCC2 /* Setting */ = {
			isa = PBXGroup;
			children = (
				2F2F21C328F51A97005FFCC2 /* SettingViewController.xib */,
				2F2F21C928F5397B005FFCC2 /* LoginViewController.xib */,
				2F2F21CF28F53C30005FFCC2 /* PageViewController.xib */,
				2F2F21D528F53D24005FFCC2 /* TutorialViewController.xib */,
			);
			path = Setting;
			sourceTree = "<group>";
		};
		2F2F21C028F51A5E005FFCC2 /* Setting */ = {
			isa = PBXGroup;
			children = (
				2F2F21C228F51A97005FFCC2 /* SettingViewController.swift */,
				2F2F21C828F5397B005FFCC2 /* LoginViewController.swift */,
				2F2F21CE28F53C30005FFCC2 /* PageViewController.swift */,
				2F2F21D428F53D24005FFCC2 /* TutorialViewController.swift */,
			);
			path = Setting;
			sourceTree = "<group>";
		};
		2F2F21C128F51A67005FFCC2 /* Setting */ = {
			isa = PBXGroup;
			children = (
				2F2F21C628F51AC5005FFCC2 /* SettingCoordinator.swift */,
				2F2F21CC28F53998005FFCC2 /* LoginCoordinator.swift */,
				2F2F21D228F53C47005FFCC2 /* PageCoordinator.swift */,
			);
			path = Setting;
			sourceTree = "<group>";
		};
		8D1D392528F984B20078F3CB /* Model */ = {
			isa = PBXGroup;
			children = (
				8D1D392628F984B20078F3CB /* RealmManager.swift */,
				8D1D392728F984B20078F3CB /* TaskManager.swift */,
				8D1D392828F984B20078F3CB /* Task.swift */,
			);
			path = Model;
			sourceTree = "<group>";
		};
		8D60F22E28CC5E60003BB724 = {
			isa = PBXGroup;
			children = (
				8D60F23928CC5E61003BB724 /* TaskRanker */,
				8D60F23828CC5E61003BB724 /* Products */,
				E156D7BEB59D071D276485BF /* Pods */,
				BCA445DD93A8F23D3ABDB940 /* Frameworks */,
			);
			sourceTree = "<group>";
		};
		8D60F23828CC5E61003BB724 /* Products */ = {
			isa = PBXGroup;
			children = (
				8D60F23728CC5E61003BB724 /* TaskRanker.app */,
			);
			name = Products;
			sourceTree = "<group>";
		};
		8D60F23928CC5E61003BB724 /* TaskRanker */ = {
			isa = PBXGroup;
			children = (
				8D60F24E28CC60C6003BB724 /* Application */,
				8D1D392528F984B20078F3CB /* Model */,
				8D60F25028CC6123003BB724 /* View */,
				8D60F25228CC6137003BB724 /* Controller */,
				8D60F25428CC6185003BB724 /* Coordinator */,
				8D60F25328CC6155003BB724 /* Utils */,
				8D60F24F28CC6106003BB724 /* Resource */,
			);
			path = TaskRanker;
			sourceTree = "<group>";
		};
		8D60F24E28CC60C6003BB724 /* Application */ = {
			isa = PBXGroup;
			children = (
				8D60F23A28CC5E61003BB724 /* AppDelegate.swift */,
				8D60F24528CC5E64003BB724 /* LaunchScreen.storyboard */,
			);
			path = Application;
			sourceTree = "<group>";
		};
		8D60F24F28CC6106003BB724 /* Resource */ = {
			isa = PBXGroup;
			children = (
				8D60F24328CC5E64003BB724 /* Assets.xcassets */,
				8D60F26B28CC78DB003BB724 /* LocalizableString.swift */,
				8D60F26928CC76E1003BB724 /* Localizable.strings */,
				8D60F24828CC5E64003BB724 /* Info.plist */,
			);
			path = Resource;
			sourceTree = "<group>";
		};
		8D60F25028CC6123003BB724 /* View */ = {
			isa = PBXGroup;
			children = (
				8D60F25A28CC66A0003BB724 /* Home */,
				8DB633B828CD6981001F2DB7 /* Task */,
				2F2F21B728F5175D005FFCC2 /* Filter */,
				2F2F21BF28F51A4F005FFCC2 /* Setting */,
			);
			path = View;
			sourceTree = "<group>";
		};
		8D60F25228CC6137003BB724 /* Controller */ = {
			isa = PBXGroup;
			children = (
				8D60F25F28CC6777003BB724 /* Home */,
				8DB633B928CD6995001F2DB7 /* Task */,
				2F2F21B628F51747005FFCC2 /* Filter */,
				2F2F21C028F51A5E005FFCC2 /* Setting */,
			);
			path = Controller;
			sourceTree = "<group>";
		};
		8D60F25328CC6155003BB724 /* Utils */ = {
			isa = PBXGroup;
			children = (
				8D1D392328F84CA80078F3CB /* Definition+UserDefaults.swift */,
				8DCB72DD2949E9C400935972 /* Definition+TabPage.swift */,
				8DB633BE28CD9F8B001F2DB7 /* Definition+Segment.swift */,
				8DB633CB28CDD410001F2DB7 /* Definition+Device.swift */,
				8DAA1133294934000083F444 /* Definition+TaskColor.swift */,
				8D55A4A52909EE85005E573A /* Definition+Navigation.swift */,
				8DB633CF28CDD502001F2DB7 /* UIViewController+Alert.swift */,
				8DB633CD28CDD462001F2DB7 /* UIViewController+ToolBar.swift */,
				8DB633C728CDD38A001F2DB7 /* UIViewController+TextField.swift */,
				8DB633C928CDD3D7001F2DB7 /* UIViewController+TextView.swift */,
				2F415F4128F7EAFF0082D676 /* UIViewController+PickerView.swift */,
			);
			path = Utils;
			sourceTree = "<group>";
		};
		8D60F25428CC6185003BB724 /* Coordinator */ = {
			isa = PBXGroup;
			children = (
				8D60F25528CC63D1003BB724 /* Application */,
				8D60F26028CC6790003BB724 /* Home */,
				8DB633C428CDBD46001F2DB7 /* Task */,
				2F2F21BC28F517D6005FFCC2 /* Filter */,
				2F2F21C128F51A67005FFCC2 /* Setting */,
			);
			path = Coordinator;
			sourceTree = "<group>";
		};
		8D60F25528CC63D1003BB724 /* Application */ = {
			isa = PBXGroup;
			children = (
				8D60F25628CC63F5003BB724 /* Coordinator.swift */,
				8D60F25828CC644B003BB724 /* AppCoordinator.swift */,
				8DCB72DB2949E9A700935972 /* TabCoordinator.swift */,
			);
			path = Application;
			sourceTree = "<group>";
		};
		8D60F25A28CC66A0003BB724 /* Home */ = {
			isa = PBXGroup;
			children = (
				8D60F25C28CC6761003BB724 /* HomeViewController.xib */,
				8DCB72DF2949E9D600935972 /* MapViewController.xib */,
			);
			path = Home;
			sourceTree = "<group>";
		};
		8D60F25F28CC6777003BB724 /* Home */ = {
			isa = PBXGroup;
			children = (
				8D60F25B28CC6760003BB724 /* HomeViewController.swift */,
				8DCB72D72949E98500935972 /* MapViewController.swift */,
			);
			path = Home;
			sourceTree = "<group>";
		};
		8D60F26028CC6790003BB724 /* Home */ = {
			isa = PBXGroup;
			children = (
				8D60F26128CC67A5003BB724 /* HomeCoordinator.swift */,
				8DCB72D92949E99D00935972 /* MapCoordinator.swift */,
			);
			path = Home;
			sourceTree = "<group>";
		};
		8DB633B828CD6981001F2DB7 /* Task */ = {
			isa = PBXGroup;
			children = (
				8DB633BB28CD7F8B001F2DB7 /* TaskListViewController.xib */,
				8D55A49A2904A7B4005E573A /* TaskViewController.xib */,
				8D55A4A12907460F005E573A /* CompletedTaskListViewController.xib */,
			);
			path = Task;
			sourceTree = "<group>";
		};
		8DB633B928CD6995001F2DB7 /* Task */ = {
			isa = PBXGroup;
			children = (
				8DB633BA28CD7F8B001F2DB7 /* TaskListViewController.swift */,
				8D55A4992904A7B4005E573A /* TaskViewController.swift */,
				8D55A49F290745F7005E573A /* CompletedTaskListViewController.swift */,
			);
			path = Task;
			sourceTree = "<group>";
		};
		8DB633C428CDBD46001F2DB7 /* Task */ = {
			isa = PBXGroup;
			children = (
				8D55A49D2904B368005E573A /* TaskViewCoordinator.swift */,
				8D55A4A329074621005E573A /* ComletedTaskListCoordinator.swift */,
			);
			path = Task;
			sourceTree = "<group>";
		};
		BCA445DD93A8F23D3ABDB940 /* Frameworks */ = {
			isa = PBXGroup;
			children = (
				4C5F29BEAC979259A2EB108F /* Pods_TaskRanker.framework */,
			);
			name = Frameworks;
			sourceTree = "<group>";
		};
		E156D7BEB59D071D276485BF /* Pods */ = {
			isa = PBXGroup;
			children = (
				45D5099BC271E62A0AD40BE7 /* Pods-TaskRanker.debug.xcconfig */,
				FE9C64CC0C4EAF044EF1C0C6 /* Pods-TaskRanker.release.xcconfig */,
			);
			path = Pods;
			sourceTree = "<group>";
		};
/* End PBXGroup section */

/* Begin PBXNativeTarget section */
		8D60F23628CC5E61003BB724 /* TaskRanker */ = {
			isa = PBXNativeTarget;
			buildConfigurationList = 8D60F24B28CC5E64003BB724 /* Build configuration list for PBXNativeTarget "TaskRanker" */;
			buildPhases = (
				CED5706D5A0FAB35528E82D2 /* [CP] Check Pods Manifest.lock */,
				8D60F23328CC5E61003BB724 /* Sources */,
				8D60F23428CC5E61003BB724 /* Frameworks */,
				8D60F23528CC5E61003BB724 /* Resources */,
				F962E79CA036685664240908 /* [CP] Embed Pods Frameworks */,
			);
			buildRules = (
			);
			dependencies = (
			);
			name = TaskRanker;
			productName = TaskRanker;
			productReference = 8D60F23728CC5E61003BB724 /* TaskRanker.app */;
			productType = "com.apple.product-type.application";
		};
/* End PBXNativeTarget section */

/* Begin PBXProject section */
		8D60F22F28CC5E60003BB724 /* Project object */ = {
			isa = PBXProject;
			attributes = {
				BuildIndependentTargetsInParallel = 1;
				LastSwiftUpdateCheck = 1340;
				LastUpgradeCheck = 1340;
				TargetAttributes = {
					8D60F23628CC5E61003BB724 = {
						CreatedOnToolsVersion = 13.4.1;
					};
				};
			};
			buildConfigurationList = 8D60F23228CC5E60003BB724 /* Build configuration list for PBXProject "TaskRanker" */;
			compatibilityVersion = "Xcode 13.0";
			developmentRegion = en;
			hasScannedForEncodings = 0;
			knownRegions = (
				en,
				Base,
				ja,
			);
			mainGroup = 8D60F22E28CC5E60003BB724;
			productRefGroup = 8D60F23828CC5E61003BB724 /* Products */;
			projectDirPath = "";
			projectRoot = "";
			targets = (
				8D60F23628CC5E61003BB724 /* TaskRanker */,
			);
		};
/* End PBXProject section */

/* Begin PBXResourcesBuildPhase section */
		8D60F23528CC5E61003BB724 /* Resources */ = {
			isa = PBXResourcesBuildPhase;
			buildActionMask = 2147483647;
			files = (
				2F2F21BB28F51791005FFCC2 /* FilterViewController.xib in Resources */,
				8DCB72E02949E9D600935972 /* MapViewController.xib in Resources */,
				8D55A4A22907460F005E573A /* CompletedTaskListViewController.xib in Resources */,
				8DB633BD28CD7F8B001F2DB7 /* TaskListViewController.xib in Resources */,
				8D55A49C2904A7B4005E573A /* TaskViewController.xib in Resources */,
				2F2F21D728F53D24005FFCC2 /* TutorialViewController.xib in Resources */,
				8D60F24728CC5E64003BB724 /* LaunchScreen.storyboard in Resources */,
				8D60F26728CC76E1003BB724 /* Localizable.strings in Resources */,
				2F2F21D128F53C30005FFCC2 /* PageViewController.xib in Resources */,
				8D60F24428CC5E64003BB724 /* Assets.xcassets in Resources */,
				8D60F25E28CC6761003BB724 /* HomeViewController.xib in Resources */,
				2F2F21C528F51A97005FFCC2 /* SettingViewController.xib in Resources */,
				2F2F21CB28F5397B005FFCC2 /* LoginViewController.xib in Resources */,
			);
			runOnlyForDeploymentPostprocessing = 0;
		};
/* End PBXResourcesBuildPhase section */

/* Begin PBXShellScriptBuildPhase section */
		CED5706D5A0FAB35528E82D2 /* [CP] Check Pods Manifest.lock */ = {
			isa = PBXShellScriptBuildPhase;
			buildActionMask = 2147483647;
			files = (
			);
			inputFileListPaths = (
			);
			inputPaths = (
				"${PODS_PODFILE_DIR_PATH}/Podfile.lock",
				"${PODS_ROOT}/Manifest.lock",
			);
			name = "[CP] Check Pods Manifest.lock";
			outputFileListPaths = (
			);
			outputPaths = (
				"$(DERIVED_FILE_DIR)/Pods-TaskRanker-checkManifestLockResult.txt",
			);
			runOnlyForDeploymentPostprocessing = 0;
			shellPath = /bin/sh;
			shellScript = "diff \"${PODS_PODFILE_DIR_PATH}/Podfile.lock\" \"${PODS_ROOT}/Manifest.lock\" > /dev/null\nif [ $? != 0 ] ; then\n    # print error to STDERR\n    echo \"error: The sandbox is not in sync with the Podfile.lock. Run 'pod install' or update your CocoaPods installation.\" >&2\n    exit 1\nfi\n# This output is used by Xcode 'outputs' to avoid re-running this script phase.\necho \"SUCCESS\" > \"${SCRIPT_OUTPUT_FILE_0}\"\n";
			showEnvVarsInLog = 0;
		};
		F962E79CA036685664240908 /* [CP] Embed Pods Frameworks */ = {
			isa = PBXShellScriptBuildPhase;
			buildActionMask = 2147483647;
			files = (
			);
			inputFileListPaths = (
				"${PODS_ROOT}/Target Support Files/Pods-TaskRanker/Pods-TaskRanker-frameworks-${CONFIGURATION}-input-files.xcfilelist",
			);
			name = "[CP] Embed Pods Frameworks";
			outputFileListPaths = (
				"${PODS_ROOT}/Target Support Files/Pods-TaskRanker/Pods-TaskRanker-frameworks-${CONFIGURATION}-output-files.xcfilelist",
			);
			runOnlyForDeploymentPostprocessing = 0;
			shellPath = /bin/sh;
			shellScript = "\"${PODS_ROOT}/Target Support Files/Pods-TaskRanker/Pods-TaskRanker-frameworks.sh\"\n";
			showEnvVarsInLog = 0;
		};
/* End PBXShellScriptBuildPhase section */

/* Begin PBXSourcesBuildPhase section */
		8D60F23328CC5E61003BB724 /* Sources */ = {
			isa = PBXSourcesBuildPhase;
			buildActionMask = 2147483647;
			files = (
				8D55A49E2904B368005E573A /* TaskViewCoordinator.swift in Sources */,
				8DB633D028CDD502001F2DB7 /* UIViewController+Alert.swift in Sources */,
				8D60F25928CC644B003BB724 /* AppCoordinator.swift in Sources */,
				8DB633C828CDD38A001F2DB7 /* UIViewController+TextField.swift in Sources */,
				2F415F4228F7EAFF0082D676 /* UIViewController+PickerView.swift in Sources */,
				8DB633CA28CDD3D7001F2DB7 /* UIViewController+TextView.swift in Sources */,
				8D1D392928F984B20078F3CB /* RealmManager.swift in Sources */,
				8DB633CC28CDD410001F2DB7 /* Definition+Device.swift in Sources */,
				2F2F21C428F51A97005FFCC2 /* SettingViewController.swift in Sources */,
				8DB633CE28CDD462001F2DB7 /* UIViewController+ToolBar.swift in Sources */,
				8DCB72DC2949E9A700935972 /* TabCoordinator.swift in Sources */,
				8D55A4A62909EE86005E573A /* Definition+Navigation.swift in Sources */,
				8D60F26C28CC78DB003BB724 /* LocalizableString.swift in Sources */,
				2F2F21CA28F5397B005FFCC2 /* LoginViewController.swift in Sources */,
				8DAA1134294934000083F444 /* Definition+TaskColor.swift in Sources */,
				2F2F21CD28F53998005FFCC2 /* LoginCoordinator.swift in Sources */,
				8DCB72DE2949E9C400935972 /* Definition+TabPage.swift in Sources */,
				2F2F21D628F53D24005FFCC2 /* TutorialViewController.swift in Sources */,
				2F2F21C728F51AC5005FFCC2 /* SettingCoordinator.swift in Sources */,
				8DB633BF28CD9F8B001F2DB7 /* Definition+Segment.swift in Sources */,
				8D55A4A429074621005E573A /* ComletedTaskListCoordinator.swift in Sources */,
				8D60F23B28CC5E61003BB724 /* AppDelegate.swift in Sources */,
				8D1D392428F84CA80078F3CB /* Definition+UserDefaults.swift in Sources */,
				2F2F21D028F53C30005FFCC2 /* PageViewController.swift in Sources */,
				8D60F26228CC67A5003BB724 /* HomeCoordinator.swift in Sources */,
				8DCB72DA2949E99D00935972 /* MapCoordinator.swift in Sources */,
				8D55A49B2904A7B4005E573A /* TaskViewController.swift in Sources */,
				2F2F21BA28F51791005FFCC2 /* FilterViewController.swift in Sources */,
				8DB633BC28CD7F8B001F2DB7 /* TaskListViewController.swift in Sources */,
				8D55A4A0290745F7005E573A /* CompletedTaskListViewController.swift in Sources */,
				8D60F25728CC63F5003BB724 /* Coordinator.swift in Sources */,
				8D1D392B28F984B20078F3CB /* Task.swift in Sources */,
				2F2F21BE28F517F9005FFCC2 /* FilterCoordinator.swift in Sources */,
				8D1D392A28F984B20078F3CB /* TaskManager.swift in Sources */,
				8D60F25D28CC6761003BB724 /* HomeViewController.swift in Sources */,
				2F2F21D328F53C47005FFCC2 /* PageCoordinator.swift in Sources */,
				8DCB72D82949E98500935972 /* MapViewController.swift in Sources */,
			);
			runOnlyForDeploymentPostprocessing = 0;
		};
/* End PBXSourcesBuildPhase section */

/* Begin PBXVariantGroup section */
		8D60F24528CC5E64003BB724 /* LaunchScreen.storyboard */ = {
			isa = PBXVariantGroup;
			children = (
				8D60F24628CC5E64003BB724 /* Base */,
				8D60F26428CC7660003BB724 /* ja */,
			);
			name = LaunchScreen.storyboard;
			sourceTree = "<group>";
		};
		8D60F26928CC76E1003BB724 /* Localizable.strings */ = {
			isa = PBXVariantGroup;
			children = (
				8D60F26828CC76E1003BB724 /* ja */,
				8D60F26A28CC76E7003BB724 /* en */,
			);
			name = Localizable.strings;
			sourceTree = "<group>";
		};
/* End PBXVariantGroup section */

/* Begin XCBuildConfiguration section */
		8D60F24928CC5E64003BB724 /* Debug */ = {
			isa = XCBuildConfiguration;
			buildSettings = {
				ALWAYS_SEARCH_USER_PATHS = NO;
				CLANG_ANALYZER_LOCALIZABILITY_NONLOCALIZED = YES;
				CLANG_ANALYZER_NONNULL = YES;
				CLANG_ANALYZER_NUMBER_OBJECT_CONVERSION = YES_AGGRESSIVE;
				CLANG_CXX_LANGUAGE_STANDARD = "gnu++17";
				CLANG_ENABLE_MODULES = YES;
				CLANG_ENABLE_OBJC_ARC = YES;
				CLANG_ENABLE_OBJC_WEAK = YES;
				CLANG_WARN_BLOCK_CAPTURE_AUTORELEASING = YES;
				CLANG_WARN_BOOL_CONVERSION = YES;
				CLANG_WARN_COMMA = YES;
				CLANG_WARN_CONSTANT_CONVERSION = YES;
				CLANG_WARN_DEPRECATED_OBJC_IMPLEMENTATIONS = YES;
				CLANG_WARN_DIRECT_OBJC_ISA_USAGE = YES_ERROR;
				CLANG_WARN_DOCUMENTATION_COMMENTS = YES;
				CLANG_WARN_EMPTY_BODY = YES;
				CLANG_WARN_ENUM_CONVERSION = YES;
				CLANG_WARN_INFINITE_RECURSION = YES;
				CLANG_WARN_INT_CONVERSION = YES;
				CLANG_WARN_NON_LITERAL_NULL_CONVERSION = YES;
				CLANG_WARN_OBJC_IMPLICIT_RETAIN_SELF = YES;
				CLANG_WARN_OBJC_LITERAL_CONVERSION = YES;
				CLANG_WARN_OBJC_ROOT_CLASS = YES_ERROR;
				CLANG_WARN_QUOTED_INCLUDE_IN_FRAMEWORK_HEADER = YES;
				CLANG_WARN_RANGE_LOOP_ANALYSIS = YES;
				CLANG_WARN_STRICT_PROTOTYPES = YES;
				CLANG_WARN_SUSPICIOUS_MOVE = YES;
				CLANG_WARN_UNGUARDED_AVAILABILITY = YES_AGGRESSIVE;
				CLANG_WARN_UNREACHABLE_CODE = YES;
				CLANG_WARN__DUPLICATE_METHOD_MATCH = YES;
				COPY_PHASE_STRIP = NO;
				DEBUG_INFORMATION_FORMAT = dwarf;
				ENABLE_STRICT_OBJC_MSGSEND = YES;
				ENABLE_TESTABILITY = YES;
				GCC_C_LANGUAGE_STANDARD = gnu11;
				GCC_DYNAMIC_NO_PIC = NO;
				GCC_NO_COMMON_BLOCKS = YES;
				GCC_OPTIMIZATION_LEVEL = 0;
				GCC_PREPROCESSOR_DEFINITIONS = (
					"DEBUG=1",
					"$(inherited)",
				);
				GCC_WARN_64_TO_32_BIT_CONVERSION = YES;
				GCC_WARN_ABOUT_RETURN_TYPE = YES_ERROR;
				GCC_WARN_UNDECLARED_SELECTOR = YES;
				GCC_WARN_UNINITIALIZED_AUTOS = YES_AGGRESSIVE;
				GCC_WARN_UNUSED_FUNCTION = YES;
				GCC_WARN_UNUSED_VARIABLE = YES;
				IPHONEOS_DEPLOYMENT_TARGET = 15.0;
				MTL_ENABLE_DEBUG_INFO = INCLUDE_SOURCE;
				MTL_FAST_MATH = YES;
				ONLY_ACTIVE_ARCH = YES;
				SDKROOT = iphoneos;
				SWIFT_ACTIVE_COMPILATION_CONDITIONS = DEBUG;
				SWIFT_OPTIMIZATION_LEVEL = "-Onone";
			};
			name = Debug;
		};
		8D60F24A28CC5E64003BB724 /* Release */ = {
			isa = XCBuildConfiguration;
			buildSettings = {
				ALWAYS_SEARCH_USER_PATHS = NO;
				CLANG_ANALYZER_LOCALIZABILITY_NONLOCALIZED = YES;
				CLANG_ANALYZER_NONNULL = YES;
				CLANG_ANALYZER_NUMBER_OBJECT_CONVERSION = YES_AGGRESSIVE;
				CLANG_CXX_LANGUAGE_STANDARD = "gnu++17";
				CLANG_ENABLE_MODULES = YES;
				CLANG_ENABLE_OBJC_ARC = YES;
				CLANG_ENABLE_OBJC_WEAK = YES;
				CLANG_WARN_BLOCK_CAPTURE_AUTORELEASING = YES;
				CLANG_WARN_BOOL_CONVERSION = YES;
				CLANG_WARN_COMMA = YES;
				CLANG_WARN_CONSTANT_CONVERSION = YES;
				CLANG_WARN_DEPRECATED_OBJC_IMPLEMENTATIONS = YES;
				CLANG_WARN_DIRECT_OBJC_ISA_USAGE = YES_ERROR;
				CLANG_WARN_DOCUMENTATION_COMMENTS = YES;
				CLANG_WARN_EMPTY_BODY = YES;
				CLANG_WARN_ENUM_CONVERSION = YES;
				CLANG_WARN_INFINITE_RECURSION = YES;
				CLANG_WARN_INT_CONVERSION = YES;
				CLANG_WARN_NON_LITERAL_NULL_CONVERSION = YES;
				CLANG_WARN_OBJC_IMPLICIT_RETAIN_SELF = YES;
				CLANG_WARN_OBJC_LITERAL_CONVERSION = YES;
				CLANG_WARN_OBJC_ROOT_CLASS = YES_ERROR;
				CLANG_WARN_QUOTED_INCLUDE_IN_FRAMEWORK_HEADER = YES;
				CLANG_WARN_RANGE_LOOP_ANALYSIS = YES;
				CLANG_WARN_STRICT_PROTOTYPES = YES;
				CLANG_WARN_SUSPICIOUS_MOVE = YES;
				CLANG_WARN_UNGUARDED_AVAILABILITY = YES_AGGRESSIVE;
				CLANG_WARN_UNREACHABLE_CODE = YES;
				CLANG_WARN__DUPLICATE_METHOD_MATCH = YES;
				COPY_PHASE_STRIP = NO;
				DEBUG_INFORMATION_FORMAT = "dwarf-with-dsym";
				ENABLE_NS_ASSERTIONS = NO;
				ENABLE_STRICT_OBJC_MSGSEND = YES;
				GCC_C_LANGUAGE_STANDARD = gnu11;
				GCC_NO_COMMON_BLOCKS = YES;
				GCC_WARN_64_TO_32_BIT_CONVERSION = YES;
				GCC_WARN_ABOUT_RETURN_TYPE = YES_ERROR;
				GCC_WARN_UNDECLARED_SELECTOR = YES;
				GCC_WARN_UNINITIALIZED_AUTOS = YES_AGGRESSIVE;
				GCC_WARN_UNUSED_FUNCTION = YES;
				GCC_WARN_UNUSED_VARIABLE = YES;
				IPHONEOS_DEPLOYMENT_TARGET = 15.0;
				MTL_ENABLE_DEBUG_INFO = NO;
				MTL_FAST_MATH = YES;
				SDKROOT = iphoneos;
				SWIFT_COMPILATION_MODE = wholemodule;
				SWIFT_OPTIMIZATION_LEVEL = "-O";
				VALIDATE_PRODUCT = YES;
			};
			name = Release;
		};
		8D60F24C28CC5E64003BB724 /* Debug */ = {
			isa = XCBuildConfiguration;
			baseConfigurationReference = 45D5099BC271E62A0AD40BE7 /* Pods-TaskRanker.debug.xcconfig */;
			buildSettings = {
				ASSETCATALOG_COMPILER_APPICON_NAME = AppIcon;
				ASSETCATALOG_COMPILER_GLOBAL_ACCENT_COLOR_NAME = AccentColor;
				CODE_SIGN_STYLE = Automatic;
				CURRENT_PROJECT_VERSION = 1;
				DEVELOPMENT_TEAM = 9YB68MR5FL;
				GENERATE_INFOPLIST_FILE = YES;
				INFOPLIST_FILE = TaskRanker/Info.plist;
				INFOPLIST_KEY_UIApplicationSupportsIndirectInputEvents = YES;
				INFOPLIST_KEY_UILaunchStoryboardName = LaunchScreen;
				INFOPLIST_KEY_UISupportedInterfaceOrientations = UIInterfaceOrientationPortrait;
				INFOPLIST_KEY_UISupportedInterfaceOrientations_iPad = "UIInterfaceOrientationLandscapeLeft UIInterfaceOrientationLandscapeRight UIInterfaceOrientationPortrait UIInterfaceOrientationPortraitUpsideDown";
				IPHONEOS_DEPLOYMENT_TARGET = 15.0;
				LD_RUNPATH_SEARCH_PATHS = (
					"$(inherited)",
					"@executable_path/Frameworks",
				);
				MARKETING_VERSION = 1.0.0;
				PRODUCT_BUNDLE_IDENTIFIER = "Takatoshi-Miura.TaskRanker";
				PRODUCT_NAME = "$(TARGET_NAME)";
				SWIFT_EMIT_LOC_STRINGS = YES;
				SWIFT_VERSION = 5.0;
				TARGETED_DEVICE_FAMILY = "1,2";
			};
			name = Debug;
		};
		8D60F24D28CC5E64003BB724 /* Release */ = {
			isa = XCBuildConfiguration;
			baseConfigurationReference = FE9C64CC0C4EAF044EF1C0C6 /* Pods-TaskRanker.release.xcconfig */;
			buildSettings = {
				ASSETCATALOG_COMPILER_APPICON_NAME = AppIcon;
				ASSETCATALOG_COMPILER_GLOBAL_ACCENT_COLOR_NAME = AccentColor;
				CODE_SIGN_STYLE = Automatic;
				CURRENT_PROJECT_VERSION = 1;
				DEVELOPMENT_TEAM = 9YB68MR5FL;
				GENERATE_INFOPLIST_FILE = YES;
				INFOPLIST_FILE = TaskRanker/Info.plist;
				INFOPLIST_KEY_UIApplicationSupportsIndirectInputEvents = YES;
				INFOPLIST_KEY_UILaunchStoryboardName = LaunchScreen;
				INFOPLIST_KEY_UISupportedInterfaceOrientations = UIInterfaceOrientationPortrait;
				INFOPLIST_KEY_UISupportedInterfaceOrientations_iPad = "UIInterfaceOrientationLandscapeLeft UIInterfaceOrientationLandscapeRight UIInterfaceOrientationPortrait UIInterfaceOrientationPortraitUpsideDown";
				IPHONEOS_DEPLOYMENT_TARGET = 15.0;
				LD_RUNPATH_SEARCH_PATHS = (
					"$(inherited)",
					"@executable_path/Frameworks",
				);
				MARKETING_VERSION = 1.0.0;
				PRODUCT_BUNDLE_IDENTIFIER = "Takatoshi-Miura.TaskRanker";
				PRODUCT_NAME = "$(TARGET_NAME)";
				SWIFT_EMIT_LOC_STRINGS = YES;
				SWIFT_VERSION = 5.0;
				TARGETED_DEVICE_FAMILY = "1,2";
			};
			name = Release;
		};
/* End XCBuildConfiguration section */

/* Begin XCConfigurationList section */
		8D60F23228CC5E60003BB724 /* Build configuration list for PBXProject "TaskRanker" */ = {
			isa = XCConfigurationList;
			buildConfigurations = (
				8D60F24928CC5E64003BB724 /* Debug */,
				8D60F24A28CC5E64003BB724 /* Release */,
			);
			defaultConfigurationIsVisible = 0;
			defaultConfigurationName = Release;
		};
		8D60F24B28CC5E64003BB724 /* Build configuration list for PBXNativeTarget "TaskRanker" */ = {
			isa = XCConfigurationList;
			buildConfigurations = (
				8D60F24C28CC5E64003BB724 /* Debug */,
				8D60F24D28CC5E64003BB724 /* Release */,
			);
			defaultConfigurationIsVisible = 0;
			defaultConfigurationName = Release;
		};
/* End XCConfigurationList section */
	};
	rootObject = 8D60F22F28CC5E60003BB724 /* Project object */;
}
